
Microsoft Visual Studio Solution File, Format Version 11.00
# Visual C# Express 2010
Project("{FAE04EC0-301F-11D3-BF4B-00C04F79EFBC}") = "ZombieIsland", "ZombieIsland\ZombieIsland.csproj", "{48FE3851-A11C-46F9-AB54-9FE1125AC0F6}"
EndProject
Global
	GlobalSection(SolutionConfigurationPlatforms) = preSolution
		Debug|x86 = Debug|x86
		Release|x86 = Release|x86
	EndGlobalSection
	GlobalSection(ProjectConfigurationPlatforms) = postSolution
		{48FE3851-A11C-46F9-AB54-9FE1125AC0F6}.Debug|x86.ActiveCfg = Debug|x86
		{48FE3851-A11C-46F9-AB54-9FE1125AC0F6}.Debug|x86.Build.0 = Debug|x86
		{48FE3851-A11C-46F9-AB54-9FE1125AC0F6}.Release|x86.ActiveCfg = Release|x86
		{48FE3851-A11C-46F9-AB54-9FE1125AC0F6}.Release|x86.Build.0 = Release|x86
	EndGlobalSection
	GlobalSection(SolutionProperties) = preSolution
		HideSolutionNode = FALSE
	EndGlobalSection
EndGlobal
